<?xml version="1.0" encoding="utf-8"?>
<Project ToolsVersion="4.0" xmlns="http://schemas.microsoft.com/developer/msbuild/2003">
  <ItemGroup>
    <Filter Include="Engine">
      <UniqueIdentifier>{c1482bae-00a4-431b-a7da-2e0ff8815e4b}</UniqueIdentifier>
    </Filter>
    <Filter Include="Engine\Components">
      <UniqueIdentifier>{181654fa-de97-4871-a713-dcdd0a740b23}</UniqueIdentifier>
    </Filter>
    <Filter Include="Engine\Components\Textures">
      <UniqueIdentifier>{b930e9e1-2a39-4d17-b074-230ffef2819e}</UniqueIdentifier>
    </Filter>
    <Filter Include="Engine\Components\GameObject">
      <UniqueIdentifier>{8ce6e3f5-9625-4e2c-8d72-92d635e8252a}</UniqueIdentifier>
    </Filter>
    <Filter Include="Engine\Mathf">
      <UniqueIdentifier>{3f77ed38-35c0-435b-a332-e80139660827}</UniqueIdentifier>
    </Filter>
    <Filter Include="Engine\Components\Scene">
      <UniqueIdentifier>{032f4826-c110-4377-b4d5-dbae89ec09ab}</UniqueIdentifier>
    </Filter>
    <Filter Include="Engine\ImGui">
      <UniqueIdentifier>{b0522743-5aea-4dd8-b58d-1aa81b2ac7d2}</UniqueIdentifier>
    </Filter>
    <Filter Include="Engine\Components\ImGui">
      <UniqueIdentifier>{a8418b9a-c974-4112-baee-20ab5d4070cc}</UniqueIdentifier>
    </Filter>
    <Filter Include="Engine\Components\InputSystem">
      <UniqueIdentifier>{ed98fb9a-0ed7-44f4-8646-4eb93e2c6759}</UniqueIdentifier>
    </Filter>
    <Filter Include="Engine\Components\UIBuilder">
      <UniqueIdentifier>{68df85c8-c7ea-416c-9ba5-a673eeadd069}</UniqueIdentifier>
    </Filter>
    <Filter Include="Engine\Components\SaveSystem">
      <UniqueIdentifier>{ed2d51dc-7a5d-4d85-a414-017bf08dcca4}</UniqueIdentifier>
    </Filter>
    <Filter Include="Engine\Compiler">
      <UniqueIdentifier>{04dd8e88-02e7-4e4c-be4c-9e11bb6f5fc1}</UniqueIdentifier>
    </Filter>
    <Filter Include="Engine\Compiler\WindowCompiler">
      <UniqueIdentifier>{7140e5ec-1037-4861-8d4b-747b206e5d91}</UniqueIdentifier>
    </Filter>
    <Filter Include="Engine\EngineWindow">
      <UniqueIdentifier>{49c02e73-2e51-4b00-a8ce-1b9c138d8af9}</UniqueIdentifier>
    </Filter>
    <Filter Include="Engine\Components\Audio">
      <UniqueIdentifier>{930f3ac1-8890-4dbf-977b-ca4fea154679}</UniqueIdentifier>
    </Filter>
    <Filter Include="Engine\Components\ECS">
      <UniqueIdentifier>{c4e8a1fb-8584-4fbd-864d-a03ab8448602}</UniqueIdentifier>
    </Filter>
    <Filter Include="Engine\Components\Animator">
      <UniqueIdentifier>{f1ad949e-856e-4556-b359-e3d408f3c91a}</UniqueIdentifier>
    </Filter>
    <Filter Include="Engine\Components\Console">
      <UniqueIdentifier>{dd480cc8-473a-4658-8718-4019346ec08b}</UniqueIdentifier>
    </Filter>
    <Filter Include="Engine\Components\ParticlesSystem">
      <UniqueIdentifier>{e1c04284-d366-4c17-92fe-e1681dff9a15}</UniqueIdentifier>
    </Filter>
    <Filter Include="Engine\Components\Lua">
      <UniqueIdentifier>{08b4faea-8014-40cc-a00e-074144a7ea3f}</UniqueIdentifier>
    </Filter>
    <Filter Include="Engine\Components\ImGui\Gizmos">
      <UniqueIdentifier>{aa3850ba-8072-4bdf-8dfd-82b6799d6f91}</UniqueIdentifier>
    </Filter>
  </ItemGroup>
  <ItemGroup>
    <ClCompile Include="GameTubi.cpp">
      <Filter>Engine</Filter>
    </ClCompile>
    <ClCompile Include="Source\Engine\Window.cpp">
      <Filter>Engine\EngineWindow</Filter>
    </ClCompile>
    <ClCompile Include="Source\Engine\Components\TextureManager.cpp">
      <Filter>Engine\Components\Textures</Filter>
    </ClCompile>
    <ClCompile Include="Source\Engine\Components\Mathf\Vector2.cpp">
      <Filter>Engine\Mathf</Filter>
    </ClCompile>
    <ClCompile Include="Complementos\include\IMGUI\imgui.cpp">
      <Filter>Engine\ImGui</Filter>
    </ClCompile>
    <ClCompile Include="Complementos\include\IMGUI\imgui_demo.cpp">
      <Filter>Engine\ImGui</Filter>
    </ClCompile>
    <ClCompile Include="Complementos\include\IMGUI\imgui_draw.cpp">
      <Filter>Engine\ImGui</Filter>
    </ClCompile>
    <ClCompile Include="Complementos\include\IMGUI\imgui_impl_sdl2.cpp">
      <Filter>Engine\ImGui</Filter>
    </ClCompile>
    <ClCompile Include="Complementos\include\IMGUI\imgui_impl_sdlrenderer.cpp">
      <Filter>Engine\ImGui</Filter>
    </ClCompile>
    <ClCompile Include="Complementos\include\IMGUI\imgui_tables.cpp">
      <Filter>Engine\ImGui</Filter>
    </ClCompile>
    <ClCompile Include="Complementos\include\IMGUI\imgui_widgets.cpp">
      <Filter>Engine\ImGui</Filter>
    </ClCompile>
    <ClCompile Include="Source\Engine\Components\SceneManager\ManagerScene.cpp">
      <Filter>Engine\Components\Scene</Filter>
    </ClCompile>
    <ClCompile Include="Source\Engine\Components\SceneManager\Scene.cpp">
      <Filter>Engine\Components\Scene</Filter>
    </ClCompile>
    <ClCompile Include="Source\Engine\Components\Object.cpp">
      <Filter>Engine\Components\GameObject</Filter>
    </ClCompile>
    <ClCompile Include="Source\Engine\Components\InputSystem\InputSystem.cpp">
      <Filter>Engine\Components\InputSystem</Filter>
    </ClCompile>
    <ClCompile Include="Source\Engine\Components\UIBuilder\UIBuilder.cpp">
      <Filter>Engine\Components\UIBuilder</Filter>
    </ClCompile>
    <ClCompile Include="Source\Engine\Components\SaveSystem\SaveData.cpp">
      <Filter>Engine\Components\SaveSystem</Filter>
    </ClCompile>
    <ClCompile Include="Source\Engine\WindowsCompiler\WindowsCompiler.cpp">
      <Filter>Engine\Compiler\WindowCompiler</Filter>
    </ClCompile>
    <ClCompile Include="Source\Engine\Components\Object\ObjectManager.cpp">
      <Filter>Engine\Components\GameObject</Filter>
    </ClCompile>
    <ClCompile Include="Source\Engine\Components\AudioSource\AudioSource.cpp">
      <Filter>Engine\Components\Audio</Filter>
    </ClCompile>
    <ClCompile Include="Source\Engine\Components\Gizmos\GizmoDrawer.cpp">
      <Filter>Engine\Components\ImGui\Gizmos</Filter>
    </ClCompile>
    <ClCompile Include="Source\Engine\Components\ECS\ECS.cpp">
      <Filter>Engine\Components\ECS</Filter>
    </ClCompile>
    <ClCompile Include="Source\Engine\Components\Animator\AnimatorSprite.cpp">
      <Filter>Engine\Components\Animator</Filter>
    </ClCompile>
    <ClCompile Include="Source\Engine\Components\Console\ConsoleManager.cpp">
      <Filter>Engine\Components\Console</Filter>
    </ClCompile>
    <ClCompile Include="Source\Engine\Components\ParticlesSystem\ParticlesSystem.cpp">
      <Filter>Engine\Components\ParticlesSystem</Filter>
    </ClCompile>
    <ClCompile Include="Source\Engine\Components\Mathf\GMathf.cpp">
      <Filter>Engine\Mathf</Filter>
    </ClCompile>
    <ClCompile Include="Source\Engine\Components\LUA\Lua.cpp">
      <Filter>Engine\Components\Lua</Filter>
    </ClCompile>
    <ClCompile Include="Source\Engine\Components\ImGui\AssetsImGui.cpp">
      <Filter>Engine\Components\ImGui</Filter>
    </ClCompile>
    <ClCompile Include="Source\Engine\Components\ParticlesSystem\Particle.cpp" />
  </ItemGroup>
  <ItemGroup>
    <ClInclude Include="Source\Engine\Window.h">
      <Filter>Engine\EngineWindow</Filter>
    </ClInclude>
    <ClInclude Include="Source\Engine\Components\TextureManager.h">
      <Filter>Engine\Components\Textures</Filter>
    </ClInclude>
    <ClInclude Include="Source\Engine\Components\Mathf\Vector2.h">
      <Filter>Engine\Mathf</Filter>
    </ClInclude>
    <ClInclude Include="Complementos\include\IMGUI\imconfig.h">
      <Filter>Engine\ImGui</Filter>
    </ClInclude>
    <ClInclude Include="Complementos\include\IMGUI\imgui.h">
      <Filter>Engine\ImGui</Filter>
    </ClInclude>
    <ClInclude Include="Complementos\include\IMGUI\imgui_impl_sdl2.h">
      <Filter>Engine\ImGui</Filter>
    </ClInclude>
    <ClInclude Include="Complementos\include\IMGUI\imgui_impl_sdlrenderer.h">
      <Filter>Engine\ImGui</Filter>
    </ClInclude>
    <ClInclude Include="Complementos\include\IMGUI\imgui_internal.h">
      <Filter>Engine\ImGui</Filter>
    </ClInclude>
    <ClInclude Include="Complementos\include\IMGUI\imstb_rectpack.h">
      <Filter>Engine\ImGui</Filter>
    </ClInclude>
    <ClInclude Include="Complementos\include\IMGUI\imstb_textedit.h">
      <Filter>Engine\ImGui</Filter>
    </ClInclude>
    <ClInclude Include="Complementos\include\IMGUI\imstb_truetype.h">
      <Filter>Engine\ImGui</Filter>
    </ClInclude>
    <ClInclude Include="Source\Engine\Components\Implementaciones\ImGuiImplement.h">
      <Filter>Engine\Components\ImGui</Filter>
    </ClInclude>
    <ClInclude Include="Source\Engine\Components\SceneManager\Scene.h">
      <Filter>Engine\Components\Scene</Filter>
    </ClInclude>
    <ClInclude Include="Source\Engine\Components\SceneManager\ManagerScene.h">
      <Filter>Engine\Components\Scene</Filter>
    </ClInclude>
    <ClInclude Include="Source\Engine\Components\Object.h">
      <Filter>Engine\Components\GameObject</Filter>
    </ClInclude>
    <ClInclude Include="Source\Engine\Components\InputSystem\InputSystem.h">
      <Filter>Engine\Components\InputSystem</Filter>
    </ClInclude>
    <ClInclude Include="Source\Engine\Components\UIBuilder\UIBuilder.h">
      <Filter>Engine\Components\UIBuilder</Filter>
    </ClInclude>
    <ClInclude Include="Source\Engine\Components\SaveSystem\SaveData.h">
      <Filter>Engine\Components\SaveSystem</Filter>
    </ClInclude>
    <ClInclude Include="Source\Engine\WindowsCompiler\WindowsCompiler.h">
      <Filter>Engine\Compiler\WindowCompiler</Filter>
    </ClInclude>
    <ClInclude Include="Source\Engine\Components\Object\ObjectManager.h">
      <Filter>Engine\Components\GameObject</Filter>
    </ClInclude>
    <ClInclude Include="Source\Engine\Components\AudioSource\AudioSource.h">
      <Filter>Engine\Components\Audio</Filter>
    </ClInclude>
    <ClInclude Include="Source\Engine\Components\Gizmos\GizmoDrawer.h">
      <Filter>Engine\Components\ImGui\Gizmos</Filter>
    </ClInclude>
    <ClInclude Include="Source\Engine\Components\ECS\ECS.h">
      <Filter>Engine\Components\ECS</Filter>
    </ClInclude>
    <ClInclude Include="Source\Engine\Components\Animator\AnimatorSprite.h">
      <Filter>Engine\Components\Animator</Filter>
    </ClInclude>
    <ClInclude Include="Source\Engine\Components\Console\ConsoleManager.h">
      <Filter>Engine\Components\Console</Filter>
    </ClInclude>
    <ClInclude Include="Source\Engine\Components\ParticlesSystem\ParticlesSystem.h">
      <Filter>Engine\Components\ParticlesSystem</Filter>
    </ClInclude>
    <ClInclude Include="Source\Engine\Components\Mathf\GMathf.h">
      <Filter>Engine\Mathf</Filter>
    </ClInclude>
    <ClInclude Include="Source\Engine\Components\LUA\Lua.h">
      <Filter>Engine\Components\Lua</Filter>
    </ClInclude>
    <ClInclude Include="Source\Engine\Components\ImGui\AssetsImGui.h">
      <Filter>Engine\Components\ImGui</Filter>
    </ClInclude>
    <ClInclude Include="Source\Engine\Components\ParticlesSystem\Particle.h" />
  </ItemGroup>
</Project>